
Microsoft Visual Studio Solution File, Format Version 12.00
# Visual Studio Version 17
VisualStudioVersion = 17.13.35913.81 d17.13
MinimumVisualStudioVersion = 10.0.40219.1
Project("{FAE04EC0-301F-11D3-BF4B-00C04F79EFBC}") = "EntradaDeDadosCS", "EntradaDeDadosCS.csproj", "{666E182D-DD22-4F43-95FB-8597F79E0831}"
EndProject
Global
	GlobalSection(SolutionConfigurationPlatforms) = preSolution
		Debug|Any CPU = Debug|Any CPU
		Release|Any CPU = Release|Any CPU
	EndGlobalSection
	GlobalSection(ProjectConfigurationPlatforms) = postSolution
		{666E182D-DD22-4F43-95FB-8597F79E0831}.Debug|Any CPU.ActiveCfg = Debug|Any CPU
		{666E182D-DD22-4F43-95FB-8597F79E0831}.Debug|Any CPU.Build.0 = Debug|Any CPU
		{666E182D-DD22-4F43-95FB-8597F79E0831}.Release|Any CPU.ActiveCfg = Release|Any CPU
		{666E182D-DD22-4F43-95FB-8597F79E0831}.Release|Any CPU.Build.0 = Release|Any CPU
	EndGlobalSection
	GlobalSection(SolutionProperties) = preSolution
		HideSolutionNode = FALSE
	EndGlobalSection
	GlobalSection(ExtensibilityGlobals) = postSolution
		SolutionGuid = {80E29120-0F1D-4E48-9293-27BF496197B2}
	EndGlobalSection
EndGlobal
